<?xml version="1.0" encoding="utf-8"?>
<Project ToolsVersion="4.0" xmlns="http://schemas.microsoft.com/developer/msbuild/2003">
  <ItemGroup>
    <Filter Include="RendererInterface">
      <UniqueIdentifier>{64e820ef-d5d5-4641-b94b-e6ad135b5291}</UniqueIdentifier>
    </Filter>
    <Filter Include="Objects">
      <UniqueIdentifier>{27d01b2a-c74f-49dd-ac81-f5ef5d092282}</UniqueIdentifier>
    </Filter>
    <Filter Include="Objects\Interface">
      <UniqueIdentifier>{1b8d1d34-f1c0-4748-8ac3-c8f5f25314d5}</UniqueIdentifier>
    </Filter>
    <Filter Include="Objects\HelperObject">
      <UniqueIdentifier>{2a36b8f5-42ff-4326-973a-4d21ca0b6301}</UniqueIdentifier>
    </Filter>
    <Filter Include="Objects\Text">
      <UniqueIdentifier>{66ef4628-6c17-481f-88df-0a3df3614cbc}</UniqueIdentifier>
    </Filter>
  </ItemGroup>
  <ItemGroup>
    <ClInclude Include="I3DRenderer.h">
      <Filter>RendererInterface</Filter>
    </ClInclude>
    <ClInclude Include="IRenderable.h">
      <Filter>Objects\Interface</Filter>
    </ClInclude>
    <ClInclude Include="IHelperObject.h">
      <Filter>Objects\HelperObject</Filter>
    </ClInclude>
    <ClInclude Include="IText.h">
      <Filter>Objects\Text</Filter>
    </ClInclude>
    <ClInclude Include="ISketchable.h">
      <Filter>Objects\Interface</Filter>
    </ClInclude>
  </ItemGroup>
</Project>