<?xml version="1.0" encoding="utf-8"?>
<Project ToolsVersion="4.0" xmlns="http://schemas.microsoft.com/developer/msbuild/2003">
  <ItemGroup>
    <Filter Include="00_Default">
      <UniqueIdentifier>{8741df09-4d63-45e8-a666-6d40697515a6}</UniqueIdentifier>
    </Filter>
    <Filter Include="01_Entry">
      <UniqueIdentifier>{4FC737F1-C7A5-4376-A066-2A32D752A2FF}</UniqueIdentifier>
      <Extensions>cpp;c;cc;cxx;c++;cppm;ixx;def;odl;idl;hpj;bat;asm;asmx</Extensions>
    </Filter>
    <Filter Include="Client">
      <UniqueIdentifier>{a9e9e932-29c5-4990-a19f-f0fecb14a511}</UniqueIdentifier>
    </Filter>
    <Filter Include="Application">
      <UniqueIdentifier>{e254cfe1-29c5-4a90-8bb5-4cd6e86d018a}</UniqueIdentifier>
    </Filter>
  </ItemGroup>
  <ItemGroup>
    <ClInclude Include="targetver.h">
      <Filter>00_Default</Filter>
    </ClInclude>
    <ClInclude Include="Client.h">
      <Filter>Client</Filter>
    </ClInclude>
    <ClInclude Include="Application.h">
      <Filter>Application</Filter>
    </ClInclude>
    <ClInclude Include="framework.h">
      <Filter>00_Default</Filter>
    </ClInclude>
    <ClInclude Include="Resource.h">
      <Filter>00_Default</Filter>
    </ClInclude>
  </ItemGroup>
  <ItemGroup>
    <ClCompile Include="Entry.cpp">
      <Filter>01_Entry</Filter>
    </ClCompile>
    <ClCompile Include="Client.cpp">
      <Filter>Client</Filter>
    </ClCompile>
    <ClCompile Include="Application.cpp">
      <Filter>Application</Filter>
    </ClCompile>
  </ItemGroup>
  <ItemGroup>
    <Image Include="MZClient.ico">
      <Filter>00_Default</Filter>
    </Image>
    <Image Include="small.ico">
      <Filter>00_Default</Filter>
    </Image>
  </ItemGroup>
  <ItemGroup>
    <ResourceCompile Include="MZClient.rc">
      <Filter>00_Default</Filter>
    </ResourceCompile>
  </ItemGroup>
</Project>